{
  "name": "thoughts",
  "version": "1.0.0",
  "lockfileVersion": 3,
  "requires": true,
  "packages": {
    "": {
      "name": "thoughts",
      "version": "1.0.0",
      "license": "ISC",
      "dependencies": {
        "swtl": "^0.0.23"
      }
    },
    "node_modules/swtl": {
      "version": "0.0.23",
      "resolved": "https://registry.npmjs.org/swtl/-/swtl-0.0.23.tgz",
      "integrity": "sha512-B7UHjOGnTaXdwch1kAUbIjlgZ5+25uxNrcNLLZ1sQXPH25uz8avI2mdykrpJhBOtVLeGZ0jfxUeg3cIF+BZ5Zg=="
    }
  }
}
